// !$*UTF8*$!
{
	archiveVersion = 1;
	classes = {
	};
	objectVersion = 56;
	objects = {

/* Begin PBXBuildFile section */
		F476A05C2AE5641E00AE7CDE /* HeroWidgetApp.swift in Sources */ = {isa = PBXBuildFile; fileRef = F476A05B2AE5641E00AE7CDE /* HeroWidgetApp.swift */; };
		F476A05E2AE5641E00AE7CDE /* ContentView.swift in Sources */ = {isa = PBXBuildFile; fileRef = F476A05D2AE5641E00AE7CDE /* ContentView.swift */; };
		F476A0602AE5642000AE7CDE /* Assets.xcassets in Resources */ = {isa = PBXBuildFile; fileRef = F476A05F2AE5642000AE7CDE /* Assets.xcassets */; };
		F476A0632AE5642000AE7CDE /* Preview Assets.xcassets in Resources */ = {isa = PBXBuildFile; fileRef = F476A0622AE5642000AE7CDE /* Preview Assets.xcassets */; };
		F476A06A2AE5660200AE7CDE /* SuperHero.swift in Sources */ = {isa = PBXBuildFile; fileRef = F476A0692AE5660200AE7CDE /* SuperHero.swift */; };
		F4CBABAA2AEF81C500223258 /* CircularImageView.swift in Sources */ = {isa = PBXBuildFile; fileRef = F4CBABA92AEF81C500223258 /* CircularImageView.swift */; };
		F4CBABAC2AEF8D6500223258 /* HeroView.swift in Sources */ = {isa = PBXBuildFile; fileRef = F4CBABAB2AEF8D6500223258 /* HeroView.swift */; };
		F4CBABB52AEFAA3000223258 /* WidgetKit.framework in Frameworks */ = {isa = PBXBuildFile; fileRef = F4CBABB42AEFAA3000223258 /* WidgetKit.framework */; };
		F4CBABB72AEFAA3000223258 /* SwiftUI.framework in Frameworks */ = {isa = PBXBuildFile; fileRef = F4CBABB62AEFAA3000223258 /* SwiftUI.framework */; };
		F4CBABBA2AEFAA3000223258 /* WidgetHeroBundle.swift in Sources */ = {isa = PBXBuildFile; fileRef = F4CBABB92AEFAA3000223258 /* WidgetHeroBundle.swift */; };
		F4CBABBC2AEFAA3000223258 /* WidgetHeroLiveActivity.swift in Sources */ = {isa = PBXBuildFile; fileRef = F4CBABBB2AEFAA3000223258 /* WidgetHeroLiveActivity.swift */; };
		F4CBABBE2AEFAA3000223258 /* WidgetHero.swift in Sources */ = {isa = PBXBuildFile; fileRef = F4CBABBD2AEFAA3000223258 /* WidgetHero.swift */; };
		F4CBABC02AEFAA3000223258 /* AppIntent.swift in Sources */ = {isa = PBXBuildFile; fileRef = F4CBABBF2AEFAA3000223258 /* AppIntent.swift */; };
		F4CBABC22AEFAA3200223258 /* Assets.xcassets in Resources */ = {isa = PBXBuildFile; fileRef = F4CBABC12AEFAA3200223258 /* Assets.xcassets */; };
		F4CBABC62AEFAA3200223258 /* WidgetHeroExtension.appex in Embed Foundation Extensions */ = {isa = PBXBuildFile; fileRef = F4CBABB22AEFAA3000223258 /* WidgetHeroExtension.appex */; settings = {ATTRIBUTES = (RemoveHeadersOnCopy, ); }; };
		F4CBABCB2AEFAB3400223258 /* HeroView.swift in Sources */ = {isa = PBXBuildFile; fileRef = F4CBABAB2AEF8D6500223258 /* HeroView.swift */; };
		F4CBABCC2AEFAB3700223258 /* CircularImageView.swift in Sources */ = {isa = PBXBuildFile; fileRef = F4CBABA92AEF81C500223258 /* CircularImageView.swift */; };
		F4CBABCD2AEFAB3B00223258 /* SuperHero.swift in Sources */ = {isa = PBXBuildFile; fileRef = F476A0692AE5660200AE7CDE /* SuperHero.swift */; };
		F4CBABCE2AEFB45E00223258 /* Assets.xcassets in Resources */ = {isa = PBXBuildFile; fileRef = F476A05F2AE5642000AE7CDE /* Assets.xcassets */; };
/* End PBXBuildFile section */

/* Begin PBXContainerItemProxy section */
		F4CBABC42AEFAA3200223258 /* PBXContainerItemProxy */ = {
			isa = PBXContainerItemProxy;
			containerPortal = F476A0502AE5641E00AE7CDE /* Project object */;
			proxyType = 1;
			remoteGlobalIDString = F4CBABB12AEFAA3000223258;
			remoteInfo = WidgetHeroExtension;
		};
/* End PBXContainerItemProxy section */

/* Begin PBXCopyFilesBuildPhase section */
		F4CBABCA2AEFAA3200223258 /* Embed Foundation Extensions */ = {
			isa = PBXCopyFilesBuildPhase;
			buildActionMask = 2147483647;
			dstPath = "";
			dstSubfolderSpec = 13;
			files = (
				F4CBABC62AEFAA3200223258 /* WidgetHeroExtension.appex in Embed Foundation Extensions */,
			);
			name = "Embed Foundation Extensions";
			runOnlyForDeploymentPostprocessing = 0;
		};
/* End PBXCopyFilesBuildPhase section */

/* Begin PBXFileReference section */
		F476A0582AE5641E00AE7CDE /* HeroWidget.app */ = {isa = PBXFileReference; explicitFileType = wrapper.application; includeInIndex = 0; path = HeroWidget.app; sourceTree = BUILT_PRODUCTS_DIR; };
		F476A05B2AE5641E00AE7CDE /* HeroWidgetApp.swift */ = {isa = PBXFileReference; lastKnownFileType = sourcecode.swift; path = HeroWidgetApp.swift; sourceTree = "<group>"; };
		F476A05D2AE5641E00AE7CDE /* ContentView.swift */ = {isa = PBXFileReference; lastKnownFileType = sourcecode.swift; path = ContentView.swift; sourceTree = "<group>"; };
		F476A05F2AE5642000AE7CDE /* Assets.xcassets */ = {isa = PBXFileReference; lastKnownFileType = folder.assetcatalog; path = Assets.xcassets; sourceTree = "<group>"; };
		F476A0622AE5642000AE7CDE /* Preview Assets.xcassets */ = {isa = PBXFileReference; lastKnownFileType = folder.assetcatalog; path = "Preview Assets.xcassets"; sourceTree = "<group>"; };
		F476A0692AE5660200AE7CDE /* SuperHero.swift */ = {isa = PBXFileReference; lastKnownFileType = sourcecode.swift; path = SuperHero.swift; sourceTree = "<group>"; };
		F4CBABA92AEF81C500223258 /* CircularImageView.swift */ = {isa = PBXFileReference; lastKnownFileType = sourcecode.swift; path = CircularImageView.swift; sourceTree = "<group>"; };
		F4CBABAB2AEF8D6500223258 /* HeroView.swift */ = {isa = PBXFileReference; lastKnownFileType = sourcecode.swift; path = HeroView.swift; sourceTree = "<group>"; };
		F4CBABAD2AEF9B1500223258 /* HeroWidget.entitlements */ = {isa = PBXFileReference; lastKnownFileType = text.plist.entitlements; path = HeroWidget.entitlements; sourceTree = "<group>"; };
		F4CBABB22AEFAA3000223258 /* WidgetHeroExtension.appex */ = {isa = PBXFileReference; explicitFileType = "wrapper.app-extension"; includeInIndex = 0; path = WidgetHeroExtension.appex; sourceTree = BUILT_PRODUCTS_DIR; };
		F4CBABB42AEFAA3000223258 /* WidgetKit.framework */ = {isa = PBXFileReference; lastKnownFileType = wrapper.framework; name = WidgetKit.framework; path = System/Library/Frameworks/WidgetKit.framework; sourceTree = SDKROOT; };
		F4CBABB62AEFAA3000223258 /* SwiftUI.framework */ = {isa = PBXFileReference; lastKnownFileType = wrapper.framework; name = SwiftUI.framework; path = System/Library/Frameworks/SwiftUI.framework; sourceTree = SDKROOT; };
		F4CBABB92AEFAA3000223258 /* WidgetHeroBundle.swift */ = {isa = PBXFileReference; lastKnownFileType = sourcecode.swift; path = WidgetHeroBundle.swift; sourceTree = "<group>"; };
		F4CBABBB2AEFAA3000223258 /* WidgetHeroLiveActivity.swift */ = {isa = PBXFileReference; lastKnownFileType = sourcecode.swift; path = WidgetHeroLiveActivity.swift; sourceTree = "<group>"; };
		F4CBABBD2AEFAA3000223258 /* WidgetHero.swift */ = {isa = PBXFileReference; lastKnownFileType = sourcecode.swift; path = WidgetHero.swift; sourceTree = "<group>"; };
		F4CBABBF2AEFAA3000223258 /* AppIntent.swift */ = {isa = PBXFileReference; lastKnownFileType = sourcecode.swift; path = AppIntent.swift; sourceTree = "<group>"; };
		F4CBABC12AEFAA3200223258 /* Assets.xcassets */ = {isa = PBXFileReference; lastKnownFileType = folder.assetcatalog; path = Assets.xcassets; sourceTree = "<group>"; };
		F4CBABC32AEFAA3200223258 /* Info.plist */ = {isa = PBXFileReference; lastKnownFileType = text.plist.xml; path = Info.plist; sourceTree = "<group>"; };
		F4CBABCF2AEFB49200223258 /* WidgetHeroExtension.entitlements */ = {isa = PBXFileReference; lastKnownFileType = text.plist.entitlements; path = WidgetHeroExtension.entitlements; sourceTree = "<group>"; };
/* End PBXFileReference section */

/* Begin PBXFrameworksBuildPhase section */
		F476A0552AE5641E00AE7CDE /* Frameworks */ = {
			isa = PBXFrameworksBuildPhase;
			buildActionMask = 2147483647;
			files = (
			);
			runOnlyForDeploymentPostprocessing = 0;
		};
		F4CBABAF2AEFAA3000223258 /* Frameworks */ = {
			isa = PBXFrameworksBuildPhase;
			buildActionMask = 2147483647;
			files = (
				F4CBABB72AEFAA3000223258 /* SwiftUI.framework in Frameworks */,
				F4CBABB52AEFAA3000223258 /* WidgetKit.framework in Frameworks */,
			);
			runOnlyForDeploymentPostprocessing = 0;
		};
/* End PBXFrameworksBuildPhase section */

/* Begin PBXGroup section */
		F476A04F2AE5641E00AE7CDE = {
			isa = PBXGroup;
			children = (
				F4CBABCF2AEFB49200223258 /* WidgetHeroExtension.entitlements */,
				F476A05A2AE5641E00AE7CDE /* HeroWidget */,
				F4CBABB82AEFAA3000223258 /* WidgetHero */,
				F4CBABB32AEFAA3000223258 /* Frameworks */,
				F476A0592AE5641E00AE7CDE /* Products */,
			);
			sourceTree = "<group>";
		};
		F476A0592AE5641E00AE7CDE /* Products */ = {
			isa = PBXGroup;
			children = (
				F476A0582AE5641E00AE7CDE /* HeroWidget.app */,
				F4CBABB22AEFAA3000223258 /* WidgetHeroExtension.appex */,
			);
			name = Products;
			sourceTree = "<group>";
		};
		F476A05A2AE5641E00AE7CDE /* HeroWidget */ = {
			isa = PBXGroup;
			children = (
				F4CBABAD2AEF9B1500223258 /* HeroWidget.entitlements */,
				F476A05B2AE5641E00AE7CDE /* HeroWidgetApp.swift */,
				F476A05D2AE5641E00AE7CDE /* ContentView.swift */,
				F476A05F2AE5642000AE7CDE /* Assets.xcassets */,
				F476A0612AE5642000AE7CDE /* Preview Content */,
				F476A0692AE5660200AE7CDE /* SuperHero.swift */,
				F4CBABA92AEF81C500223258 /* CircularImageView.swift */,
				F4CBABAB2AEF8D6500223258 /* HeroView.swift */,
			);
			path = HeroWidget;
			sourceTree = "<group>";
		};
		F476A0612AE5642000AE7CDE /* Preview Content */ = {
			isa = PBXGroup;
			children = (
				F476A0622AE5642000AE7CDE /* Preview Assets.xcassets */,
			);
			path = "Preview Content";
			sourceTree = "<group>";
		};
		F4CBABB32AEFAA3000223258 /* Frameworks */ = {
			isa = PBXGroup;
			children = (
				F4CBABB42AEFAA3000223258 /* WidgetKit.framework */,
				F4CBABB62AEFAA3000223258 /* SwiftUI.framework */,
			);
			name = Frameworks;
			sourceTree = "<group>";
		};
		F4CBABB82AEFAA3000223258 /* WidgetHero */ = {
			isa = PBXGroup;
			children = (
				F4CBABB92AEFAA3000223258 /* WidgetHeroBundle.swift */,
				F4CBABBB2AEFAA3000223258 /* WidgetHeroLiveActivity.swift */,
				F4CBABBD2AEFAA3000223258 /* WidgetHero.swift */,
				F4CBABBF2AEFAA3000223258 /* AppIntent.swift */,
				F4CBABC12AEFAA3200223258 /* Assets.xcassets */,
				F4CBABC32AEFAA3200223258 /* Info.plist */,
			);
			path = WidgetHero;
			sourceTree = "<group>";
		};
/* End PBXGroup section */

/* Begin PBXNativeTarget section */
		F476A0572AE5641E00AE7CDE /* HeroWidget */ = {
			isa = PBXNativeTarget;
			buildConfigurationList = F476A0662AE5642000AE7CDE /* Build configuration list for PBXNativeTarget "HeroWidget" */;
			buildPhases = (
				F476A0542AE5641E00AE7CDE /* Sources */,
				F476A0552AE5641E00AE7CDE /* Frameworks */,
				F476A0562AE5641E00AE7CDE /* Resources */,
				F4CBABCA2AEFAA3200223258 /* Embed Foundation Extensions */,
			);
			buildRules = (
			);
			dependencies = (
				F4CBABC52AEFAA3200223258 /* PBXTargetDependency */,
			);
			name = HeroWidget;
			productName = HeroWidget;
			productReference = F476A0582AE5641E00AE7CDE /* HeroWidget.app */;
			productType = "com.apple.product-type.application";
		};
		F4CBABB12AEFAA3000223258 /* WidgetHeroExtension */ = {
			isa = PBXNativeTarget;
			buildConfigurationList = F4CBABC72AEFAA3200223258 /* Build configuration list for PBXNativeTarget "WidgetHeroExtension" */;
			buildPhases = (
				F4CBABAE2AEFAA3000223258 /* Sources */,
				F4CBABAF2AEFAA3000223258 /* Frameworks */,
				F4CBABB02AEFAA3000223258 /* Resources */,
			);
			buildRules = (
			);
			dependencies = (
			);
			name = WidgetHeroExtension;
			productName = WidgetHeroExtension;
			productReference = F4CBABB22AEFAA3000223258 /* WidgetHeroExtension.appex */;
			productType = "com.apple.product-type.app-extension";
		};
/* End PBXNativeTarget section */

/* Begin PBXProject section */
		F476A0502AE5641E00AE7CDE /* Project object */ = {
			isa = PBXProject;
			attributes = {
				BuildIndependentTargetsInParallel = 1;
				LastSwiftUpdateCheck = 1500;
				LastUpgradeCheck = 1500;
				TargetAttributes = {
					F476A0572AE5641E00AE7CDE = {
						CreatedOnToolsVersion = 15.0;
					};
					F4CBABB12AEFAA3000223258 = {
						CreatedOnToolsVersion = 15.0;
					};
				};
			};
			buildConfigurationList = F476A0532AE5641E00AE7CDE /* Build configuration list for PBXProject "HeroWidget" */;
			compatibilityVersion = "Xcode 14.0";
			developmentRegion = en;
			hasScannedForEncodings = 0;
			knownRegions = (
				en,
				Base,
			);
			mainGroup = F476A04F2AE5641E00AE7CDE;
			productRefGroup = F476A0592AE5641E00AE7CDE /* Products */;
			projectDirPath = "";
			projectRoot = "";
			targets = (
				F476A0572AE5641E00AE7CDE /* HeroWidget */,
				F4CBABB12AEFAA3000223258 /* WidgetHeroExtension */,
			);
		};
/* End PBXProject section */

/* Begin PBXResourcesBuildPhase section */
		F476A0562AE5641E00AE7CDE /* Resources */ = {
			isa = PBXResourcesBuildPhase;
			buildActionMask = 2147483647;
			files = (
				F476A0632AE5642000AE7CDE /* Preview Assets.xcassets in Resources */,
				F476A0602AE5642000AE7CDE /* Assets.xcassets in Resources */,
			);
			runOnlyForDeploymentPostprocessing = 0;
		};
		F4CBABB02AEFAA3000223258 /* Resources */ = {
			isa = PBXResourcesBuildPhase;
			buildActionMask = 2147483647;
			files = (
				F4CBABCE2AEFB45E00223258 /* Assets.xcassets in Resources */,
				F4CBABC22AEFAA3200223258 /* Assets.xcassets in Resources */,
			);
			runOnlyForDeploymentPostprocessing = 0;
		};
/* End PBXResourcesBuildPhase section */

/* Begin PBXSourcesBuildPhase section */
		F476A0542AE5641E00AE7CDE /* Sources */ = {
			isa = PBXSourcesBuildPhase;
			buildActionMask = 2147483647;
			files = (
				F476A05E2AE5641E00AE7CDE /* ContentView.swift in Sources */,
				F4CBABAA2AEF81C500223258 /* CircularImageView.swift in Sources */,
				F476A05C2AE5641E00AE7CDE /* HeroWidgetApp.swift in Sources */,
				F476A06A2AE5660200AE7CDE /* SuperHero.swift in Sources */,
				F4CBABAC2AEF8D6500223258 /* HeroView.swift in Sources */,
			);
			runOnlyForDeploymentPostprocessing = 0;
		};
		F4CBABAE2AEFAA3000223258 /* Sources */ = {
			isa = PBXSourcesBuildPhase;
			buildActionMask = 2147483647;
			files = (
				F4CBABCD2AEFAB3B00223258 /* SuperHero.swift in Sources */,
				F4CBABBE2AEFAA3000223258 /* WidgetHero.swift in Sources */,
				F4CBABCC2AEFAB3700223258 /* CircularImageView.swift in Sources */,
				F4CBABC02AEFAA3000223258 /* AppIntent.swift in Sources */,
				F4CBABBC2AEFAA3000223258 /* WidgetHeroLiveActivity.swift in Sources */,
				F4CBABBA2AEFAA3000223258 /* WidgetHeroBundle.swift in Sources */,
				F4CBABCB2AEFAB3400223258 /* HeroView.swift in Sources */,
			);
			runOnlyForDeploymentPostprocessing = 0;
		};
/* End PBXSourcesBuildPhase section */

/* Begin PBXTargetDependency section */
		F4CBABC52AEFAA3200223258 /* PBXTargetDependency */ = {
			isa = PBXTargetDependency;
			target = F4CBABB12AEFAA3000223258 /* WidgetHeroExtension */;
			targetProxy = F4CBABC42AEFAA3200223258 /* PBXContainerItemProxy */;
		};
/* End PBXTargetDependency section */

/* Begin XCBuildConfiguration section */
		F476A0642AE5642000AE7CDE /* Debug */ = {
			isa = XCBuildConfiguration;
			buildSettings = {
				ALWAYS_SEARCH_USER_PATHS = NO;
				ASSETCATALOG_COMPILER_GENERATE_SWIFT_ASSET_SYMBOL_EXTENSIONS = YES;
				CLANG_ANALYZER_NONNULL = YES;
				CLANG_ANALYZER_NUMBER_OBJECT_CONVERSION = YES_AGGRESSIVE;
				CLANG_CXX_LANGUAGE_STANDARD = "gnu++20";
				CLANG_ENABLE_MODULES = YES;
				CLANG_ENABLE_OBJC_ARC = YES;
				CLANG_ENABLE_OBJC_WEAK = YES;
				CLANG_WARN_BLOCK_CAPTURE_AUTORELEASING = YES;
				CLANG_WARN_BOOL_CONVERSION = YES;
				CLANG_WARN_COMMA = YES;
				CLANG_WARN_CONSTANT_CONVERSION = YES;
				CLANG_WARN_DEPRECATED_OBJC_IMPLEMENTATIONS = YES;
				CLANG_WARN_DIRECT_OBJC_ISA_USAGE = YES_ERROR;
				CLANG_WARN_DOCUMENTATION_COMMENTS = YES;
				CLANG_WARN_EMPTY_BODY = YES;
				CLANG_WARN_ENUM_CONVERSION = YES;
				CLANG_WARN_INFINITE_RECURSION = YES;
				CLANG_WARN_INT_CONVERSION = YES;
				CLANG_WARN_NON_LITERAL_NULL_CONVERSION = YES;
				CLANG_WARN_OBJC_IMPLICIT_RETAIN_SELF = YES;
				CLANG_WARN_OBJC_LITERAL_CONVERSION = YES;
				CLANG_WARN_OBJC_ROOT_CLASS = YES_ERROR;
				CLANG_WARN_QUOTED_INCLUDE_IN_FRAMEWORK_HEADER = YES;
				CLANG_WARN_RANGE_LOOP_ANALYSIS = YES;
				CLANG_WARN_STRICT_PROTOTYPES = YES;
				CLANG_WARN_SUSPICIOUS_MOVE = YES;
				CLANG_WARN_UNGUARDED_AVAILABILITY = YES_AGGRESSIVE;
				CLANG_WARN_UNREACHABLE_CODE = YES;
				CLANG_WARN__DUPLICATE_METHOD_MATCH = YES;
				COPY_PHASE_STRIP = NO;
				DEBUG_INFORMATION_FORMAT = dwarf;
				ENABLE_STRICT_OBJC_MSGSEND = YES;
				ENABLE_TESTABILITY = YES;
				ENABLE_USER_SCRIPT_SANDBOXING = YES;
				GCC_C_LANGUAGE_STANDARD = gnu17;
				GCC_DYNAMIC_NO_PIC = NO;
				GCC_NO_COMMON_BLOCKS = YES;
				GCC_OPTIMIZATION_LEVEL = 0;
				GCC_PREPROCESSOR_DEFINITIONS = (
					"DEBUG=1",
					"$(inherited)",
				);
				GCC_WARN_64_TO_32_BIT_CONVERSION = YES;
				GCC_WARN_ABOUT_RETURN_TYPE = YES_ERROR;
				GCC_WARN_UNDECLARED_SELECTOR = YES;
				GCC_WARN_UNINITIALIZED_AUTOS = YES_AGGRESSIVE;
				GCC_WARN_UNUSED_FUNCTION = YES;
				GCC_WARN_UNUSED_VARIABLE = YES;
				IPHONEOS_DEPLOYMENT_TARGET = 17.0;
				LOCALIZATION_PREFERS_STRING_CATALOGS = YES;
				MTL_ENABLE_DEBUG_INFO = INCLUDE_SOURCE;
				MTL_FAST_MATH = YES;
				ONLY_ACTIVE_ARCH = YES;
				SDKROOT = iphoneos;
				SWIFT_ACTIVE_COMPILATION_CONDITIONS = "DEBUG $(inherited)";
				SWIFT_OPTIMIZATION_LEVEL = "-Onone";
			};
			name = Debug;
		};
		F476A0652AE5642000AE7CDE /* Release */ = {
			isa = XCBuildConfiguration;
			buildSettings = {
				ALWAYS_SEARCH_USER_PATHS = NO;
				ASSETCATALOG_COMPILER_GENERATE_SWIFT_ASSET_SYMBOL_EXTENSIONS = YES;
				CLANG_ANALYZER_NONNULL = YES;
				CLANG_ANALYZER_NUMBER_OBJECT_CONVERSION = YES_AGGRESSIVE;
				CLANG_CXX_LANGUAGE_STANDARD = "gnu++20";
				CLANG_ENABLE_MODULES = YES;
				CLANG_ENABLE_OBJC_ARC = YES;
				CLANG_ENABLE_OBJC_WEAK = YES;
				CLANG_WARN_BLOCK_CAPTURE_AUTORELEASING = YES;
				CLANG_WARN_BOOL_CONVERSION = YES;
				CLANG_WARN_COMMA = YES;
				CLANG_WARN_CONSTANT_CONVERSION = YES;
				CLANG_WARN_DEPRECATED_OBJC_IMPLEMENTATIONS = YES;
				CLANG_WARN_DIRECT_OBJC_ISA_USAGE = YES_ERROR;
				CLANG_WARN_DOCUMENTATION_COMMENTS = YES;
				CLANG_WARN_EMPTY_BODY = YES;
				CLANG_WARN_ENUM_CONVERSION = YES;
				CLANG_WARN_INFINITE_RECURSION = YES;
				CLANG_WARN_INT_CONVERSION = YES;
				CLANG_WARN_NON_LITERAL_NULL_CONVERSION = YES;
				CLANG_WARN_OBJC_IMPLICIT_RETAIN_SELF = YES;
				CLANG_WARN_OBJC_LITERAL_CONVERSION = YES;
				CLANG_WARN_OBJC_ROOT_CLASS = YES_ERROR;
				CLANG_WARN_QUOTED_INCLUDE_IN_FRAMEWORK_HEADER = YES;
				CLANG_WARN_RANGE_LOOP_ANALYSIS = YES;
				CLANG_WARN_STRICT_PROTOTYPES = YES;
				CLANG_WARN_SUSPICIOUS_MOVE = YES;
				CLANG_WARN_UNGUARDED_AVAILABILITY = YES_AGGRESSIVE;
				CLANG_WARN_UNREACHABLE_CODE = YES;
				CLANG_WARN__DUPLICATE_METHOD_MATCH = YES;
				COPY_PHASE_STRIP = NO;
				DEBUG_INFORMATION_FORMAT = "dwarf-with-dsym";
				ENABLE_NS_ASSERTIONS = NO;
				ENABLE_STRICT_OBJC_MSGSEND = YES;
				ENABLE_USER_SCRIPT_SANDBOXING = YES;
				GCC_C_LANGUAGE_STANDARD = gnu17;
				GCC_NO_COMMON_BLOCKS = YES;
				GCC_WARN_64_TO_32_BIT_CONVERSION = YES;
				GCC_WARN_ABOUT_RETURN_TYPE = YES_ERROR;
				GCC_WARN_UNDECLARED_SELECTOR = YES;
				GCC_WARN_UNINITIALIZED_AUTOS = YES_AGGRESSIVE;
				GCC_WARN_UNUSED_FUNCTION = YES;
				GCC_WARN_UNUSED_VARIABLE = YES;
				IPHONEOS_DEPLOYMENT_TARGET = 17.0;
				LOCALIZATION_PREFERS_STRING_CATALOGS = YES;
				MTL_ENABLE_DEBUG_INFO = NO;
				MTL_FAST_MATH = YES;
				SDKROOT = iphoneos;
				SWIFT_COMPILATION_MODE = wholemodule;
				VALIDATE_PRODUCT = YES;
			};
			name = Release;
		};
		F476A0672AE5642000AE7CDE /* Debug */ = {
			isa = XCBuildConfiguration;
			buildSettings = {
				ALWAYS_EMBED_SWIFT_STANDARD_LIBRARIES = YES;
				ASSETCATALOG_COMPILER_APPICON_NAME = AppIcon;
				ASSETCATALOG_COMPILER_GLOBAL_ACCENT_COLOR_NAME = AccentColor;
				CODE_SIGN_ENTITLEMENTS = HeroWidget/HeroWidget.entitlements;
				CODE_SIGN_STYLE = Automatic;
				CURRENT_PROJECT_VERSION = 1;
				DEVELOPMENT_ASSET_PATHS = "\"HeroWidget/Preview Content\"";
				DEVELOPMENT_TEAM = 98YXJBZVMH;
				ENABLE_PREVIEWS = YES;
				GENERATE_INFOPLIST_FILE = YES;
				INFOPLIST_KEY_UIApplicationSceneManifest_Generation = YES;
				INFOPLIST_KEY_UIApplicationSupportsIndirectInputEvents = YES;
				INFOPLIST_KEY_UILaunchScreen_Generation = YES;
				INFOPLIST_KEY_UISupportedInterfaceOrientations_iPad = "UIInterfaceOrientationPortrait UIInterfaceOrientationPortraitUpsideDown UIInterfaceOrientationLandscapeLeft UIInterfaceOrientationLandscapeRight";
				INFOPLIST_KEY_UISupportedInterfaceOrientations_iPhone = "UIInterfaceOrientationPortrait UIInterfaceOrientationLandscapeLeft UIInterfaceOrientationLandscapeRight";
				LD_RUNPATH_SEARCH_PATHS = (
					"$(inherited)",
					"@executable_path/Frameworks",
				);
				MARKETING_VERSION = 1.0;
				PRODUCT_BUNDLE_IDENTIFIER = com.hasanbilgin.HeroWidget;
				PRODUCT_NAME = "$(TARGET_NAME)";
				SWIFT_EMIT_LOC_STRINGS = YES;
				SWIFT_VERSION = 5.0;
				TARGETED_DEVICE_FAMILY = "1,2";
			};
			name = Debug;
		};
		F476A0682AE5642000AE7CDE /* Release */ = {
			isa = XCBuildConfiguration;
			buildSettings = {
				ALWAYS_EMBED_SWIFT_STANDARD_LIBRARIES = YES;
				ASSETCATALOG_COMPILER_APPICON_NAME = AppIcon;
				ASSETCATALOG_COMPILER_GLOBAL_ACCENT_COLOR_NAME = AccentColor;
				CODE_SIGN_ENTITLEMENTS = HeroWidget/HeroWidget.entitlements;
				CODE_SIGN_STYLE = Automatic;
				CURRENT_PROJECT_VERSION = 1;
				DEVELOPMENT_ASSET_PATHS = "\"HeroWidget/Preview Content\"";
				DEVELOPMENT_TEAM = 98YXJBZVMH;
				ENABLE_PREVIEWS = YES;
				GENERATE_INFOPLIST_FILE = YES;
				INFOPLIST_KEY_UIApplicationSceneManifest_Generation = YES;
				INFOPLIST_KEY_UIApplicationSupportsIndirectInputEvents = YES;
				INFOPLIST_KEY_UILaunchScreen_Generation = YES;
				INFOPLIST_KEY_UISupportedInterfaceOrientations_iPad = "UIInterfaceOrientationPortrait UIInterfaceOrientationPortraitUpsideDown UIInterfaceOrientationLandscapeLeft UIInterfaceOrientationLandscapeRight";
				INFOPLIST_KEY_UISupportedInterfaceOrientations_iPhone = "UIInterfaceOrientationPortrait UIInterfaceOrientationLandscapeLeft UIInterfaceOrientationLandscapeRight";
				LD_RUNPATH_SEARCH_PATHS = (
					"$(inherited)",
					"@executable_path/Frameworks",
				);
				MARKETING_VERSION = 1.0;
				PRODUCT_BUNDLE_IDENTIFIER = com.hasanbilgin.HeroWidget;
				PRODUCT_NAME = "$(TARGET_NAME)";
				SWIFT_EMIT_LOC_STRINGS = YES;
				SWIFT_VERSION = 5.0;
				TARGETED_DEVICE_FAMILY = "1,2";
			};
			name = Release;
		};
		F4CBABC82AEFAA3200223258 /* Debug */ = {
			isa = XCBuildConfiguration;
			buildSettings = {
				ASSETCATALOG_COMPILER_GLOBAL_ACCENT_COLOR_NAME = AccentColor;
				ASSETCATALOG_COMPILER_WIDGET_BACKGROUND_COLOR_NAME = WidgetBackground;
				CODE_SIGN_ENTITLEMENTS = WidgetHeroExtension.entitlements;
				CODE_SIGN_STYLE = Automatic;
				CURRENT_PROJECT_VERSION = 1;
				DEVELOPMENT_TEAM = 98YXJBZVMH;
				GENERATE_INFOPLIST_FILE = YES;
				INFOPLIST_FILE = WidgetHero/Info.plist;
				INFOPLIST_KEY_CFBundleDisplayName = WidgetHero;
				INFOPLIST_KEY_NSHumanReadableCopyright = "";
				LD_RUNPATH_SEARCH_PATHS = (
					"$(inherited)",
					"@executable_path/Frameworks",
					"@executable_path/../../Frameworks",
				);
				MARKETING_VERSION = 1.0;
				PRODUCT_BUNDLE_IDENTIFIER = com.hasanbilgin.HeroWidget.WidgetHero;
				PRODUCT_NAME = "$(TARGET_NAME)";
				SKIP_INSTALL = YES;
				SWIFT_EMIT_LOC_STRINGS = YES;
				SWIFT_VERSION = 5.0;
				TARGETED_DEVICE_FAMILY = "1,2";
			};
			name = Debug;
		};
		F4CBABC92AEFAA3200223258 /* Release */ = {
			isa = XCBuildConfiguration;
			buildSettings = {
				ASSETCATALOG_COMPILER_GLOBAL_ACCENT_COLOR_NAME = AccentColor;
				ASSETCATALOG_COMPILER_WIDGET_BACKGROUND_COLOR_NAME = WidgetBackground;
				CODE_SIGN_ENTITLEMENTS = WidgetHeroExtension.entitlements;
				CODE_SIGN_STYLE = Automatic;
				CURRENT_PROJECT_VERSION = 1;
				DEVELOPMENT_TEAM = 98YXJBZVMH;
				GENERATE_INFOPLIST_FILE = YES;
				INFOPLIST_FILE = WidgetHero/Info.plist;
				INFOPLIST_KEY_CFBundleDisplayName = WidgetHero;
				INFOPLIST_KEY_NSHumanReadableCopyright = "";
				LD_RUNPATH_SEARCH_PATHS = (
					"$(inherited)",
					"@executable_path/Frameworks",
					"@executable_path/../../Frameworks",
				);
				MARKETING_VERSION = 1.0;
				PRODUCT_BUNDLE_IDENTIFIER = com.hasanbilgin.HeroWidget.WidgetHero;
				PRODUCT_NAME = "$(TARGET_NAME)";
				SKIP_INSTALL = YES;
				SWIFT_EMIT_LOC_STRINGS = YES;
				SWIFT_VERSION = 5.0;
				TARGETED_DEVICE_FAMILY = "1,2";
			};
			name = Release;
		};
/* End XCBuildConfiguration section */

/* Begin XCConfigurationList section */
		F476A0532AE5641E00AE7CDE /* Build configuration list for PBXProject "HeroWidget" */ = {
			isa = XCConfigurationList;
			buildConfigurations = (
				F476A0642AE5642000AE7CDE /* Debug */,
				F476A0652AE5642000AE7CDE /* Release */,
			);
			defaultConfigurationIsVisible = 0;
			defaultConfigurationName = Release;
		};
		F476A0662AE5642000AE7CDE /* Build configuration list for PBXNativeTarget "HeroWidget" */ = {
			isa = XCConfigurationList;
			buildConfigurations = (
				F476A0672AE5642000AE7CDE /* Debug */,
				F476A0682AE5642000AE7CDE /* Release */,
			);
			defaultConfigurationIsVisible = 0;
			defaultConfigurationName = Release;
		};
		F4CBABC72AEFAA3200223258 /* Build configuration list for PBXNativeTarget "WidgetHeroExtension" */ = {
			isa = XCConfigurationList;
			buildConfigurations = (
				F4CBABC82AEFAA3200223258 /* Debug */,
				F4CBABC92AEFAA3200223258 /* Release */,
			);
			defaultConfigurationIsVisible = 0;
			defaultConfigurationName = Release;
		};
/* End XCConfigurationList section */
	};
	rootObject = F476A0502AE5641E00AE7CDE /* Project object */;
}
